
Microsoft Visual Studio Solution File, Format Version 12.00
# Visual Studio Version 17
VisualStudioVersion = 17.6.33723.286
MinimumVisualStudioVersion = 10.0.40219.1
Project("{FAE04EC0-301F-11D3-BF4B-00C04F79EFBC}") = "view", "view\view.csproj", "{18FAF16B-E492-4683-84B3-FFC54E794FCB}"
EndProject
Project("{FAE04EC0-301F-11D3-BF4B-00C04F79EFBC}") = "Dominio", "Dominio\Dominio.csproj", "{800C71EA-E8D3-45E8-A18F-DE36C2884AC2}"
EndProject
Project("{FAE04EC0-301F-11D3-BF4B-00C04F79EFBC}") = "Negocio", "Negocio\Negocio.csproj", "{4CB4938B-E233-4C56-8BD9-5BD1708E83B8}"
EndProject
Global
	GlobalSection(SolutionConfigurationPlatforms) = preSolution
		Debug|Any CPU = Debug|Any CPU
		Release|Any CPU = Release|Any CPU
	EndGlobalSection
	GlobalSection(ProjectConfigurationPlatforms) = postSolution
		{18FAF16B-E492-4683-84B3-FFC54E794FCB}.Debug|Any CPU.ActiveCfg = Debug|Any CPU
		{18FAF16B-E492-4683-84B3-FFC54E794FCB}.Debug|Any CPU.Build.0 = Debug|Any CPU
		{18FAF16B-E492-4683-84B3-FFC54E794FCB}.Release|Any CPU.ActiveCfg = Release|Any CPU
		{18FAF16B-E492-4683-84B3-FFC54E794FCB}.Release|Any CPU.Build.0 = Release|Any CPU
		{800C71EA-E8D3-45E8-A18F-DE36C2884AC2}.Debug|Any CPU.ActiveCfg = Debug|Any CPU
		{800C71EA-E8D3-45E8-A18F-DE36C2884AC2}.Debug|Any CPU.Build.0 = Debug|Any CPU
		{800C71EA-E8D3-45E8-A18F-DE36C2884AC2}.Release|Any CPU.ActiveCfg = Release|Any CPU
		{800C71EA-E8D3-45E8-A18F-DE36C2884AC2}.Release|Any CPU.Build.0 = Release|Any CPU
		{4CB4938B-E233-4C56-8BD9-5BD1708E83B8}.Debug|Any CPU.ActiveCfg = Debug|Any CPU
		{4CB4938B-E233-4C56-8BD9-5BD1708E83B8}.Debug|Any CPU.Build.0 = Debug|Any CPU
		{4CB4938B-E233-4C56-8BD9-5BD1708E83B8}.Release|Any CPU.ActiveCfg = Release|Any CPU
		{4CB4938B-E233-4C56-8BD9-5BD1708E83B8}.Release|Any CPU.Build.0 = Release|Any CPU
	EndGlobalSection
	GlobalSection(SolutionProperties) = preSolution
		HideSolutionNode = FALSE
	EndGlobalSection
	GlobalSection(ExtensibilityGlobals) = postSolution
		SolutionGuid = {E9702947-F75A-4EBD-8840-9C0561AE2911}
	EndGlobalSection
EndGlobal
